
Microsoft Visual Studio Solution File, Format Version 12.00
# Visual Studio Version 17
VisualStudioVersion = 17.9.34728.123
MinimumVisualStudioVersion = 10.0.40219.1
Project("{FAE04EC0-301F-11D3-BF4B-00C04F79EFBC}") = "EmployeeAdminPortal", "EmployeeAdminPortal\EmployeeAdminPortal.csproj", "{70BB77B9-413A-44B6-90C6-E273E930756B}"
EndProject
Global
	GlobalSection(SolutionConfigurationPlatforms) = preSolution
		Debug|Any CPU = Debug|Any CPU
		Release|Any CPU = Release|Any CPU
	EndGlobalSection
	GlobalSection(ProjectConfigurationPlatforms) = postSolution
		{70BB77B9-413A-44B6-90C6-E273E930756B}.Debug|Any CPU.ActiveCfg = Debug|Any CPU
		{70BB77B9-413A-44B6-90C6-E273E930756B}.Debug|Any CPU.Build.0 = Debug|Any CPU
		{70BB77B9-413A-44B6-90C6-E273E930756B}.Release|Any CPU.ActiveCfg = Release|Any CPU
		{70BB77B9-413A-44B6-90C6-E273E930756B}.Release|Any CPU.Build.0 = Release|Any CPU
	EndGlobalSection
	GlobalSection(SolutionProperties) = preSolution
		HideSolutionNode = FALSE
	EndGlobalSection
	GlobalSection(ExtensibilityGlobals) = postSolution
		SolutionGuid = {61FEFEB4-5B79-4CC0-AE3B-EA0424ED1464}
	EndGlobalSection
EndGlobal
